// !$*UTF8*$!
{
	archiveVersion = 1;
	classes = {
	};
	objectVersion = 55;
	objects = {

/* Begin PBXBuildFile section */
		79AE006B281A8A77006854FC /* AppDelegate.swift in Sources */ = {isa = PBXBuildFile; fileRef = 79AE006A281A8A77006854FC /* AppDelegate.swift */; };
		79AE006D281A8A77006854FC /* SceneDelegate.swift in Sources */ = {isa = PBXBuildFile; fileRef = 79AE006C281A8A77006854FC /* SceneDelegate.swift */; };
		79AE006F281A8A77006854FC /* InputViewController.swift in Sources */ = {isa = PBXBuildFile; fileRef = 79AE006E281A8A77006854FC /* InputViewController.swift */; };
		79AE0072281A8A77006854FC /* Main.storyboard in Resources */ = {isa = PBXBuildFile; fileRef = 79AE0070281A8A77006854FC /* Main.storyboard */; };
		79AE0074281A8A79006854FC /* Assets.xcassets in Resources */ = {isa = PBXBuildFile; fileRef = 79AE0073281A8A79006854FC /* Assets.xcassets */; };
		79AE0077281A8A79006854FC /* LaunchScreen.storyboard in Resources */ = {isa = PBXBuildFile; fileRef = 79AE0075281A8A79006854FC /* LaunchScreen.storyboard */; };
		79AE0083281B4D93006854FC /* Bill.swift in Sources */ = {isa = PBXBuildFile; fileRef = 79AE0082281B4D93006854FC /* Bill.swift */; };
		79B87A09281B4E2F0087F58E /* ResultViewController.swift in Sources */ = {isa = PBXBuildFile; fileRef = 79B87A08281B4E2F0087F58E /* ResultViewController.swift */; };
/* End PBXBuildFile section */

/* Begin PBXFileReference section */
		79AE0067281A8A77006854FC /* Split-Bill.app */ = {isa = PBXFileReference; explicitFileType = wrapper.application; includeInIndex = 0; path = "Split-Bill.app"; sourceTree = BUILT_PRODUCTS_DIR; };
		79AE006A281A8A77006854FC /* AppDelegate.swift */ = {isa = PBXFileReference; lastKnownFileType = sourcecode.swift; path = AppDelegate.swift; sourceTree = "<group>"; };
		79AE006C281A8A77006854FC /* SceneDelegate.swift */ = {isa = PBXFileReference; lastKnownFileType = sourcecode.swift; path = SceneDelegate.swift; sourceTree = "<group>"; };
		79AE006E281A8A77006854FC /* InputViewController.swift */ = {isa = PBXFileReference; lastKnownFileType = sourcecode.swift; path = InputViewController.swift; sourceTree = "<group>"; };
		79AE0071281A8A77006854FC /* Base */ = {isa = PBXFileReference; lastKnownFileType = file.storyboard; name = Base; path = Base.lproj/Main.storyboard; sourceTree = "<group>"; };
		79AE0073281A8A79006854FC /* Assets.xcassets */ = {isa = PBXFileReference; lastKnownFileType = folder.assetcatalog; path = Assets.xcassets; sourceTree = "<group>"; };
		79AE0076281A8A79006854FC /* Base */ = {isa = PBXFileReference; lastKnownFileType = file.storyboard; name = Base; path = Base.lproj/LaunchScreen.storyboard; sourceTree = "<group>"; };
		79AE0078281A8A79006854FC /* Info.plist */ = {isa = PBXFileReference; lastKnownFileType = text.plist.xml; path = Info.plist; sourceTree = "<group>"; };
		79AE0082281B4D93006854FC /* Bill.swift */ = {isa = PBXFileReference; lastKnownFileType = sourcecode.swift; path = Bill.swift; sourceTree = "<group>"; };
		79B87A08281B4E2F0087F58E /* ResultViewController.swift */ = {isa = PBXFileReference; lastKnownFileType = sourcecode.swift; path = ResultViewController.swift; sourceTree = "<group>"; };
/* End PBXFileReference section */

/* Begin PBXFrameworksBuildPhase section */
		79AE0064281A8A77006854FC /* Frameworks */ = {
			isa = PBXFrameworksBuildPhase;
			buildActionMask = 2147483647;
			files = (
			);
			runOnlyForDeploymentPostprocessing = 0;
		};
/* End PBXFrameworksBuildPhase section */

/* Begin PBXGroup section */
		79AE005E281A8A77006854FC = {
			isa = PBXGroup;
			children = (
				79AE0069281A8A77006854FC /* Split-Bill */,
				79AE0068281A8A77006854FC /* Products */,
			);
			sourceTree = "<group>";
		};
		79AE0068281A8A77006854FC /* Products */ = {
			isa = PBXGroup;
			children = (
				79AE0067281A8A77006854FC /* Split-Bill.app */,
			);
			name = Products;
			sourceTree = "<group>";
		};
		79AE0069281A8A77006854FC /* Split-Bill */ = {
			isa = PBXGroup;
			children = (
				79AE006A281A8A77006854FC /* AppDelegate.swift */,
				79AE006C281A8A77006854FC /* SceneDelegate.swift */,
				79AE0084281B4D9E006854FC /* Model */,
				79AE007E281B4CE6006854FC /* View */,
				79AE007F281B4CF0006854FC /* Controller */,
				79AE0073281A8A79006854FC /* Assets.xcassets */,
				79AE0075281A8A79006854FC /* LaunchScreen.storyboard */,
				79AE0078281A8A79006854FC /* Info.plist */,
			);
			path = "Split-Bill";
			sourceTree = "<group>";
		};
		79AE007E281B4CE6006854FC /* View */ = {
			isa = PBXGroup;
			children = (
				79AE0070281A8A77006854FC /* Main.storyboard */,
			);
			path = View;
			sourceTree = "<group>";
		};
		79AE007F281B4CF0006854FC /* Controller */ = {
			isa = PBXGroup;
			children = (
				79AE006E281A8A77006854FC /* InputViewController.swift */,
				79B87A08281B4E2F0087F58E /* ResultViewController.swift */,
			);
			path = Controller;
			sourceTree = "<group>";
		};
		79AE0084281B4D9E006854FC /* Model */ = {
			isa = PBXGroup;
			children = (
				79AE0082281B4D93006854FC /* Bill.swift */,
			);
			path = Model;
			sourceTree = "<group>";
		};
/* End PBXGroup section */

/* Begin PBXNativeTarget section */
		79AE0066281A8A77006854FC /* Split-Bill */ = {
			isa = PBXNativeTarget;
			buildConfigurationList = 79AE007B281A8A79006854FC /* Build configuration list for PBXNativeTarget "Split-Bill" */;
			buildPhases = (
				79AE0063281A8A77006854FC /* Sources */,
				79AE0064281A8A77006854FC /* Frameworks */,
				79AE0065281A8A77006854FC /* Resources */,
			);
			buildRules = (
			);
			dependencies = (
			);
			name = "Split-Bill";
			productName = "Split-Bill";
			productReference = 79AE0067281A8A77006854FC /* Split-Bill.app */;
			productType = "com.apple.product-type.application";
		};
/* End PBXNativeTarget section */

/* Begin PBXProject section */
		79AE005F281A8A77006854FC /* Project object */ = {
			isa = PBXProject;
			attributes = {
				BuildIndependentTargetsInParallel = 1;
				LastSwiftUpdateCheck = 1330;
				LastUpgradeCheck = 1330;
				TargetAttributes = {
					79AE0066281A8A77006854FC = {
						CreatedOnToolsVersion = 13.3.1;
					};
				};
			};
			buildConfigurationList = 79AE0062281A8A77006854FC /* Build configuration list for PBXProject "Split-Bill" */;
			compatibilityVersion = "Xcode 13.0";
			developmentRegion = en;
			hasScannedForEncodings = 0;
			knownRegions = (
				en,
				Base,
			);
			mainGroup = 79AE005E281A8A77006854FC;
			productRefGroup = 79AE0068281A8A77006854FC /* Products */;
			projectDirPath = "";
			projectRoot = "";
			targets = (
				79AE0066281A8A77006854FC /* Split-Bill */,
			);
		};
/* End PBXProject section */

/* Begin PBXResourcesBuildPhase section */
		79AE0065281A8A77006854FC /* Resources */ = {
			isa = PBXResourcesBuildPhase;
			buildActionMask = 2147483647;
			files = (
				79AE0077281A8A79006854FC /* LaunchScreen.storyboard in Resources */,
				79AE0074281A8A79006854FC /* Assets.xcassets in Resources */,
				79AE0072281A8A77006854FC /* Main.storyboard in Resources */,
			);
			runOnlyForDeploymentPostprocessing = 0;
		};
/* End PBXResourcesBuildPhase section */

/* Begin PBXSourcesBuildPhase section */
		79AE0063281A8A77006854FC /* Sources */ = {
			isa = PBXSourcesBuildPhase;
			buildActionMask = 2147483647;
			files = (
				79B87A09281B4E2F0087F58E /* ResultViewController.swift in Sources */,
				79AE0083281B4D93006854FC /* Bill.swift in Sources */,
				79AE006F281A8A77006854FC /* InputViewController.swift in Sources */,
				79AE006B281A8A77006854FC /* AppDelegate.swift in Sources */,
				79AE006D281A8A77006854FC /* SceneDelegate.swift in Sources */,
			);
			runOnlyForDeploymentPostprocessing = 0;
		};
/* End PBXSourcesBuildPhase section */

/* Begin PBXVariantGroup section */
		79AE0070281A8A77006854FC /* Main.storyboard */ = {
			isa = PBXVariantGroup;
			children = (
				79AE0071281A8A77006854FC /* Base */,
			);
			name = Main.storyboard;
			sourceTree = "<group>";
		};
		79AE0075281A8A79006854FC /* LaunchScreen.storyboard */ = {
			isa = PBXVariantGroup;
			children = (
				79AE0076281A8A79006854FC /* Base */,
			);
			name = LaunchScreen.storyboard;
			sourceTree = "<group>";
		};
/* End PBXVariantGroup section */

/* Begin XCBuildConfiguration section */
		79AE0079281A8A79006854FC /* Debug */ = {
			isa = XCBuildConfiguration;
			buildSettings = {
				ALWAYS_SEARCH_USER_PATHS = NO;
				CLANG_ANALYZER_NONNULL = YES;
				CLANG_ANALYZER_NUMBER_OBJECT_CONVERSION = YES_AGGRESSIVE;
				CLANG_CXX_LANGUAGE_STANDARD = "gnu++17";
				CLANG_ENABLE_MODULES = YES;
				CLANG_ENABLE_OBJC_ARC = YES;
				CLANG_ENABLE_OBJC_WEAK = YES;
				CLANG_WARN_BLOCK_CAPTURE_AUTORELEASING = YES;
				CLANG_WARN_BOOL_CONVERSION = YES;
				CLANG_WARN_COMMA = YES;
				CLANG_WARN_CONSTANT_CONVERSION = YES;
				CLANG_WARN_DEPRECATED_OBJC_IMPLEMENTATIONS = YES;
				CLANG_WARN_DIRECT_OBJC_ISA_USAGE = YES_ERROR;
				CLANG_WARN_DOCUMENTATION_COMMENTS = YES;
				CLANG_WARN_EMPTY_BODY = YES;
				CLANG_WARN_ENUM_CONVERSION = YES;
				CLANG_WARN_INFINITE_RECURSION = YES;
				CLANG_WARN_INT_CONVERSION = YES;
				CLANG_WARN_NON_LITERAL_NULL_CONVERSION = YES;
				CLANG_WARN_OBJC_IMPLICIT_RETAIN_SELF = YES;
				CLANG_WARN_OBJC_LITERAL_CONVERSION = YES;
				CLANG_WARN_OBJC_ROOT_CLASS = YES_ERROR;
				CLANG_WARN_QUOTED_INCLUDE_IN_FRAMEWORK_HEADER = YES;
				CLANG_WARN_RANGE_LOOP_ANALYSIS = YES;
				CLANG_WARN_STRICT_PROTOTYPES = YES;
				CLANG_WARN_SUSPICIOUS_MOVE = YES;
				CLANG_WARN_UNGUARDED_AVAILABILITY = YES_AGGRESSIVE;
				CLANG_WARN_UNREACHABLE_CODE = YES;
				CLANG_WARN__DUPLICATE_METHOD_MATCH = YES;
				COPY_PHASE_STRIP = NO;
				DEBUG_INFORMATION_FORMAT = dwarf;
				ENABLE_STRICT_OBJC_MSGSEND = YES;
				ENABLE_TESTABILITY = YES;
				GCC_C_LANGUAGE_STANDARD = gnu11;
				GCC_DYNAMIC_NO_PIC = NO;
				GCC_NO_COMMON_BLOCKS = YES;
				GCC_OPTIMIZATION_LEVEL = 0;
				GCC_PREPROCESSOR_DEFINITIONS = (
					"DEBUG=1",
					"$(inherited)",
				);
				GCC_WARN_64_TO_32_BIT_CONVERSION = YES;
				GCC_WARN_ABOUT_RETURN_TYPE = YES_ERROR;
				GCC_WARN_UNDECLARED_SELECTOR = YES;
				GCC_WARN_UNINITIALIZED_AUTOS = YES_AGGRESSIVE;
				GCC_WARN_UNUSED_FUNCTION = YES;
				GCC_WARN_UNUSED_VARIABLE = YES;
				IPHONEOS_DEPLOYMENT_TARGET = 15.4;
				MTL_ENABLE_DEBUG_INFO = INCLUDE_SOURCE;
				MTL_FAST_MATH = YES;
				ONLY_ACTIVE_ARCH = YES;
				SDKROOT = iphoneos;
				SWIFT_ACTIVE_COMPILATION_CONDITIONS = DEBUG;
				SWIFT_OPTIMIZATION_LEVEL = "-Onone";
			};
			name = Debug;
		};
		79AE007A281A8A79006854FC /* Release */ = {
			isa = XCBuildConfiguration;
			buildSettings = {
				ALWAYS_SEARCH_USER_PATHS = NO;
				CLANG_ANALYZER_NONNULL = YES;
				CLANG_ANALYZER_NUMBER_OBJECT_CONVERSION = YES_AGGRESSIVE;
				CLANG_CXX_LANGUAGE_STANDARD = "gnu++17";
				CLANG_ENABLE_MODULES = YES;
				CLANG_ENABLE_OBJC_ARC = YES;
				CLANG_ENABLE_OBJC_WEAK = YES;
				CLANG_WARN_BLOCK_CAPTURE_AUTORELEASING = YES;
				CLANG_WARN_BOOL_CONVERSION = YES;
				CLANG_WARN_COMMA = YES;
				CLANG_WARN_CONSTANT_CONVERSION = YES;
				CLANG_WARN_DEPRECATED_OBJC_IMPLEMENTATIONS = YES;
				CLANG_WARN_DIRECT_OBJC_ISA_USAGE = YES_ERROR;
				CLANG_WARN_DOCUMENTATION_COMMENTS = YES;
				CLANG_WARN_EMPTY_BODY = YES;
				CLANG_WARN_ENUM_CONVERSION = YES;
				CLANG_WARN_INFINITE_RECURSION = YES;
				CLANG_WARN_INT_CONVERSION = YES;
				CLANG_WARN_NON_LITERAL_NULL_CONVERSION = YES;
				CLANG_WARN_OBJC_IMPLICIT_RETAIN_SELF = YES;
				CLANG_WARN_OBJC_LITERAL_CONVERSION = YES;
				CLANG_WARN_OBJC_ROOT_CLASS = YES_ERROR;
				CLANG_WARN_QUOTED_INCLUDE_IN_FRAMEWORK_HEADER = YES;
				CLANG_WARN_RANGE_LOOP_ANALYSIS = YES;
				CLANG_WARN_STRICT_PROTOTYPES = YES;
				CLANG_WARN_SUSPICIOUS_MOVE = YES;
				CLANG_WARN_UNGUARDED_AVAILABILITY = YES_AGGRESSIVE;
				CLANG_WARN_UNREACHABLE_CODE = YES;
				CLANG_WARN__DUPLICATE_METHOD_MATCH = YES;
				COPY_PHASE_STRIP = NO;
				DEBUG_INFORMATION_FORMAT = "dwarf-with-dsym";
				ENABLE_NS_ASSERTIONS = NO;
				ENABLE_STRICT_OBJC_MSGSEND = YES;
				GCC_C_LANGUAGE_STANDARD = gnu11;
				GCC_NO_COMMON_BLOCKS = YES;
				GCC_WARN_64_TO_32_BIT_CONVERSION = YES;
				GCC_WARN_ABOUT_RETURN_TYPE = YES_ERROR;
				GCC_WARN_UNDECLARED_SELECTOR = YES;
				GCC_WARN_UNINITIALIZED_AUTOS = YES_AGGRESSIVE;
				GCC_WARN_UNUSED_FUNCTION = YES;
				GCC_WARN_UNUSED_VARIABLE = YES;
				IPHONEOS_DEPLOYMENT_TARGET = 15.4;
				MTL_ENABLE_DEBUG_INFO = NO;
				MTL_FAST_MATH = YES;
				SDKROOT = iphoneos;
				SWIFT_COMPILATION_MODE = wholemodule;
				SWIFT_OPTIMIZATION_LEVEL = "-O";
				VALIDATE_PRODUCT = YES;
			};
			name = Release;
		};
		79AE007C281A8A79006854FC /* Debug */ = {
			isa = XCBuildConfiguration;
			buildSettings = {
				ASSETCATALOG_COMPILER_APPICON_NAME = AppIcon;
				ASSETCATALOG_COMPILER_GLOBAL_ACCENT_COLOR_NAME = AccentColor;
				CODE_SIGN_STYLE = Automatic;
				CURRENT_PROJECT_VERSION = 1;
				GENERATE_INFOPLIST_FILE = YES;
				INFOPLIST_FILE = "Split-Bill/Info.plist";
				INFOPLIST_KEY_UIApplicationSupportsIndirectInputEvents = YES;
				INFOPLIST_KEY_UILaunchStoryboardName = LaunchScreen;
				INFOPLIST_KEY_UIMainStoryboardFile = Main;
				INFOPLIST_KEY_UISupportedInterfaceOrientations_iPad = "UIInterfaceOrientationPortrait UIInterfaceOrientationPortraitUpsideDown UIInterfaceOrientationLandscapeLeft UIInterfaceOrientationLandscapeRight";
				INFOPLIST_KEY_UISupportedInterfaceOrientations_iPhone = "UIInterfaceOrientationPortrait UIInterfaceOrientationLandscapeLeft UIInterfaceOrientationLandscapeRight";
				LD_RUNPATH_SEARCH_PATHS = (
					"$(inherited)",
					"@executable_path/Frameworks",
				);
				MARKETING_VERSION = 1.0;
				PRODUCT_BUNDLE_IDENTIFIER = "bahadiretka.Split-Bill";
				PRODUCT_NAME = "$(TARGET_NAME)";
				SWIFT_EMIT_LOC_STRINGS = YES;
				SWIFT_VERSION = 5.0;
				TARGETED_DEVICE_FAMILY = "1,2";
			};
			name = Debug;
		};
		79AE007D281A8A79006854FC /* Release */ = {
			isa = XCBuildConfiguration;
			buildSettings = {
				ASSETCATALOG_COMPILER_APPICON_NAME = AppIcon;
				ASSETCATALOG_COMPILER_GLOBAL_ACCENT_COLOR_NAME = AccentColor;
				CODE_SIGN_STYLE = Automatic;
				CURRENT_PROJECT_VERSION = 1;
				GENERATE_INFOPLIST_FILE = YES;
				INFOPLIST_FILE = "Split-Bill/Info.plist";
				INFOPLIST_KEY_UIApplicationSupportsIndirectInputEvents = YES;
				INFOPLIST_KEY_UILaunchStoryboardName = LaunchScreen;
				INFOPLIST_KEY_UIMainStoryboardFile = Main;
				INFOPLIST_KEY_UISupportedInterfaceOrientations_iPad = "UIInterfaceOrientationPortrait UIInterfaceOrientationPortraitUpsideDown UIInterfaceOrientationLandscapeLeft UIInterfaceOrientationLandscapeRight";
				INFOPLIST_KEY_UISupportedInterfaceOrientations_iPhone = "UIInterfaceOrientationPortrait UIInterfaceOrientationLandscapeLeft UIInterfaceOrientationLandscapeRight";
				LD_RUNPATH_SEARCH_PATHS = (
					"$(inherited)",
					"@executable_path/Frameworks",
				);
				MARKETING_VERSION = 1.0;
				PRODUCT_BUNDLE_IDENTIFIER = "bahadiretka.Split-Bill";
				PRODUCT_NAME = "$(TARGET_NAME)";
				SWIFT_EMIT_LOC_STRINGS = YES;
				SWIFT_VERSION = 5.0;
				TARGETED_DEVICE_FAMILY = "1,2";
			};
			name = Release;
		};
/* End XCBuildConfiguration section */

/* Begin XCConfigurationList section */
		79AE0062281A8A77006854FC /* Build configuration list for PBXProject "Split-Bill" */ = {
			isa = XCConfigurationList;
			buildConfigurations = (
				79AE0079281A8A79006854FC /* Debug */,
				79AE007A281A8A79006854FC /* Release */,
			);
			defaultConfigurationIsVisible = 0;
			defaultConfigurationName = Release;
		};
		79AE007B281A8A79006854FC /* Build configuration list for PBXNativeTarget "Split-Bill" */ = {
			isa = XCConfigurationList;
			buildConfigurations = (
				79AE007C281A8A79006854FC /* Debug */,
				79AE007D281A8A79006854FC /* Release */,
			);
			defaultConfigurationIsVisible = 0;
			defaultConfigurationName = Release;
		};
/* End XCConfigurationList section */
	};
	rootObject = 79AE005F281A8A77006854FC /* Project object */;
}
